
Microsoft Visual Studio Solution File, Format Version 12.00
# Visual Studio Version 17
VisualStudioVersion = 17.0.32126.317
MinimumVisualStudioVersion = 10.0.40219.1
Project("{FAE04EC0-301F-11D3-BF4B-00C04F79EFBC}") = "10", "10\10.csproj", "{F343D0E2-75FB-4F35-90B1-B48CC2443A93}"
EndProject
Global
	GlobalSection(SolutionConfigurationPlatforms) = preSolution
		Debug|Any CPU = Debug|Any CPU
		Release|Any CPU = Release|Any CPU
	EndGlobalSection
	GlobalSection(ProjectConfigurationPlatforms) = postSolution
		{F343D0E2-75FB-4F35-90B1-B48CC2443A93}.Debug|Any CPU.ActiveCfg = Debug|Any CPU
		{F343D0E2-75FB-4F35-90B1-B48CC2443A93}.Debug|Any CPU.Build.0 = Debug|Any CPU
		{F343D0E2-75FB-4F35-90B1-B48CC2443A93}.Release|Any CPU.ActiveCfg = Release|Any CPU
		{F343D0E2-75FB-4F35-90B1-B48CC2443A93}.Release|Any CPU.Build.0 = Release|Any CPU
	EndGlobalSection
	GlobalSection(SolutionProperties) = preSolution
		HideSolutionNode = FALSE
	EndGlobalSection
	GlobalSection(ExtensibilityGlobals) = postSolution
		SolutionGuid = {ABDD608F-9DD9-400A-8050-D89CADE4B0CD}
	EndGlobalSection
EndGlobal
